PODS:
  - RKSocket (0.1.1):
    - SocketRocket
  - SocketRocket (0.6.0)

DEPENDENCIES:
  - RKSocket (from `../`)

SPEC REPOS:
  trunk:
    - SocketRocket

EXTERNAL SOURCES:
  RKSocket:
    :path: "../"

SPEC CHECKSUMS:
  RKSocket: b1dc4dbdf4ac07a72202a50795812d5f0b0e4858
  SocketRocket: fccef3f9c5cedea1353a9ef6ada904fde10d6608

PODFILE CHECKSUM: 3944834ec8160ea7bd7b2cdff3299d183fcacda3

COCOAPODS: 1.11.2
